// !$*UTF8*$!
{
	archiveVersion = 1;
	classes = {
	};
	objectVersion = 56;
	objects = {

/* Begin PBXBuildFile section */
		850A34F62955ED7800C99647 /* WidgetViewControllerFactory.swift in Sources */ = {isa = PBXBuildFile; fileRef = 850A34F52955ED7800C99647 /* WidgetViewControllerFactory.swift */; };
		850A34FD295639FA00C99647 /* CardStoryboardViewController.swift in Sources */ = {isa = PBXBuildFile; fileRef = 850A34FC295639FA00C99647 /* CardStoryboardViewController.swift */; };
		850D18D52954B31300955E20 /* EndUserTokenAuthorizationService.swift in Sources */ = {isa = PBXBuildFile; fileRef = 850D18D42954B31300955E20 /* EndUserTokenAuthorizationService.swift */; };
		8533F409294BA1E6001B0B22 /* PomeloCards in Frameworks */ = {isa = PBXBuildFile; productRef = 8533F408294BA1E6001B0B22 /* PomeloCards */; };
		A415717D29523E5300365B85 /* LaunchScreen.storyboard in Resources */ = {isa = PBXBuildFile; fileRef = A42FC3B229523B8D00ACA1D6 /* LaunchScreen.storyboard */; };
		A415717E29523E5A00365B85 /* Main.storyboard in Resources */ = {isa = PBXBuildFile; fileRef = A42FC3B429523B8D00ACA1D6 /* Main.storyboard */; };
		A415717F29523E6800365B85 /* Assets.xcassets in Resources */ = {isa = PBXBuildFile; fileRef = A42FC3B129523B8D00ACA1D6 /* Assets.xcassets */; };
		A42FC3BF29523B8D00ACA1D6 /* HomeViewController.swift in Sources */ = {isa = PBXBuildFile; fileRef = A42FC3A629523B8D00ACA1D6 /* HomeViewController.swift */; };
		A42FC3C029523B8D00ACA1D6 /* WidgetTableViewCell.swift in Sources */ = {isa = PBXBuildFile; fileRef = A42FC3A829523B8D00ACA1D6 /* WidgetTableViewCell.swift */; };
		A42FC3C129523B8D00ACA1D6 /* CardViewController.swift in Sources */ = {isa = PBXBuildFile; fileRef = A42FC3AA29523B8D00ACA1D6 /* CardViewController.swift */; };
		A42FC3C229523B8D00ACA1D6 /* EndUserTokenResolver.swift in Sources */ = {isa = PBXBuildFile; fileRef = A42FC3AC29523B8D00ACA1D6 /* EndUserTokenResolver.swift */; };
		A42FC3C429523B8D00ACA1D6 /* PomeloAccessTokenDTO.swift in Sources */ = {isa = PBXBuildFile; fileRef = A42FC3AE29523B8D00ACA1D6 /* PomeloAccessTokenDTO.swift */; };
		A42FC3C929523B8D00ACA1D6 /* BlueClientTheme.swift in Sources */ = {isa = PBXBuildFile; fileRef = A42FC3B729523B8D00ACA1D6 /* BlueClientTheme.swift */; };
		A42FC3CA29523B8D00ACA1D6 /* PomeloTheme.swift in Sources */ = {isa = PBXBuildFile; fileRef = A42FC3B829523B8D00ACA1D6 /* PomeloTheme.swift */; };
		A42FC3CB29523B8D00ACA1D6 /* AppDelegate.swift in Sources */ = {isa = PBXBuildFile; fileRef = A42FC3B929523B8D00ACA1D6 /* AppDelegate.swift */; };
		A42FC3CC29523B8D00ACA1D6 /* WidgetType.swift in Sources */ = {isa = PBXBuildFile; fileRef = A42FC3BB29523B8D00ACA1D6 /* WidgetType.swift */; };
		A42FC3CE29523B8D00ACA1D6 /* SceneDelegate.swift in Sources */ = {isa = PBXBuildFile; fileRef = A42FC3BD29523B8D00ACA1D6 /* SceneDelegate.swift */; };
/* End PBXBuildFile section */

/* Begin PBXFileReference section */
		850A34F52955ED7800C99647 /* WidgetViewControllerFactory.swift */ = {isa = PBXFileReference; lastKnownFileType = sourcecode.swift; path = WidgetViewControllerFactory.swift; sourceTree = "<group>"; };
		850A34FC295639FA00C99647 /* CardStoryboardViewController.swift */ = {isa = PBXFileReference; lastKnownFileType = sourcecode.swift; path = CardStoryboardViewController.swift; sourceTree = "<group>"; };
		850D18D42954B31300955E20 /* EndUserTokenAuthorizationService.swift */ = {isa = PBXFileReference; fileEncoding = 4; lastKnownFileType = sourcecode.swift; path = EndUserTokenAuthorizationService.swift; sourceTree = "<group>"; };
		8533F3F0294B9734001B0B22 /* PomeloCardsDemo.app */ = {isa = PBXFileReference; explicitFileType = wrapper.application; includeInIndex = 0; path = PomeloCardsDemo.app; sourceTree = BUILT_PRODUCTS_DIR; };
		A42FC3A629523B8D00ACA1D6 /* HomeViewController.swift */ = {isa = PBXFileReference; fileEncoding = 4; lastKnownFileType = sourcecode.swift; path = HomeViewController.swift; sourceTree = "<group>"; };
		A42FC3A829523B8D00ACA1D6 /* WidgetTableViewCell.swift */ = {isa = PBXFileReference; fileEncoding = 4; lastKnownFileType = sourcecode.swift; path = WidgetTableViewCell.swift; sourceTree = "<group>"; };
		A42FC3AA29523B8D00ACA1D6 /* CardViewController.swift */ = {isa = PBXFileReference; fileEncoding = 4; lastKnownFileType = sourcecode.swift; path = CardViewController.swift; sourceTree = "<group>"; };
		A42FC3AC29523B8D00ACA1D6 /* EndUserTokenResolver.swift */ = {isa = PBXFileReference; fileEncoding = 4; lastKnownFileType = sourcecode.swift; path = EndUserTokenResolver.swift; sourceTree = "<group>"; };
		A42FC3AE29523B8D00ACA1D6 /* PomeloAccessTokenDTO.swift */ = {isa = PBXFileReference; fileEncoding = 4; lastKnownFileType = sourcecode.swift; path = PomeloAccessTokenDTO.swift; sourceTree = "<group>"; };
		A42FC3B129523B8D00ACA1D6 /* Assets.xcassets */ = {isa = PBXFileReference; lastKnownFileType = folder.assetcatalog; path = Assets.xcassets; sourceTree = "<group>"; };
		A42FC3B329523B8D00ACA1D6 /* Base */ = {isa = PBXFileReference; lastKnownFileType = file.storyboard; name = Base; path = Base.lproj/LaunchScreen.storyboard; sourceTree = "<group>"; };
		A42FC3B529523B8D00ACA1D6 /* Base */ = {isa = PBXFileReference; lastKnownFileType = file.storyboard; name = Base; path = Base.lproj/Main.storyboard; sourceTree = "<group>"; };
		A42FC3B729523B8D00ACA1D6 /* BlueClientTheme.swift */ = {isa = PBXFileReference; fileEncoding = 4; lastKnownFileType = sourcecode.swift; path = BlueClientTheme.swift; sourceTree = "<group>"; };
		A42FC3B829523B8D00ACA1D6 /* PomeloTheme.swift */ = {isa = PBXFileReference; fileEncoding = 4; lastKnownFileType = sourcecode.swift; path = PomeloTheme.swift; sourceTree = "<group>"; };
		A42FC3B929523B8D00ACA1D6 /* AppDelegate.swift */ = {isa = PBXFileReference; fileEncoding = 4; lastKnownFileType = sourcecode.swift; path = AppDelegate.swift; sourceTree = "<group>"; };
		A42FC3BB29523B8D00ACA1D6 /* WidgetType.swift */ = {isa = PBXFileReference; fileEncoding = 4; lastKnownFileType = sourcecode.swift; path = WidgetType.swift; sourceTree = "<group>"; };
		A42FC3BC29523B8D00ACA1D6 /* Info.plist */ = {isa = PBXFileReference; fileEncoding = 4; lastKnownFileType = text.plist.xml; path = Info.plist; sourceTree = "<group>"; };
		A42FC3BD29523B8D00ACA1D6 /* SceneDelegate.swift */ = {isa = PBXFileReference; fileEncoding = 4; lastKnownFileType = sourcecode.swift; path = SceneDelegate.swift; sourceTree = "<group>"; };
/* End PBXFileReference section */

/* Begin PBXFrameworksBuildPhase section */
		8533F3ED294B9734001B0B22 /* Frameworks */ = {
			isa = PBXFrameworksBuildPhase;
			buildActionMask = 2147483647;
			files = (
				8533F409294BA1E6001B0B22 /* PomeloCards in Frameworks */,
			);
			runOnlyForDeploymentPostprocessing = 0;
		};
/* End PBXFrameworksBuildPhase section */

/* Begin PBXGroup section */
		850A34F02955E9B500C99647 /* UI */ = {
			isa = PBXGroup;
			children = (
				850A34F42955ECA500C99647 /* Storyboard */,
				850A34F22955EBFE00C99647 /* ViewControllers */,
				A42FC3A729523B8D00ACA1D6 /* Cells */,
				A42FC3B629523B8D00ACA1D6 /* Theme */,
				A42FC3BA29523B8D00ACA1D6 /* Factory */,
			);
			path = UI;
			sourceTree = "<group>";
		};
		850A34F12955EBD600C99647 /* Resources */ = {
			isa = PBXGroup;
			children = (
				A42FC3B129523B8D00ACA1D6 /* Assets.xcassets */,
			);
			path = Resources;
			sourceTree = "<group>";
		};
		850A34F22955EBFE00C99647 /* ViewControllers */ = {
			isa = PBXGroup;
			children = (
				A42FC3A629523B8D00ACA1D6 /* HomeViewController.swift */,
				A42FC3AA29523B8D00ACA1D6 /* CardViewController.swift */,
				850A34FC295639FA00C99647 /* CardStoryboardViewController.swift */,
			);
			path = ViewControllers;
			sourceTree = "<group>";
		};
		850A34F42955ECA500C99647 /* Storyboard */ = {
			isa = PBXGroup;
			children = (
				A42FC3B429523B8D00ACA1D6 /* Main.storyboard */,
			);
			path = Storyboard;
			sourceTree = "<group>";
		};
		850A34F72955EE5300C99647 /* Domain */ = {
			isa = PBXGroup;
			children = (
				A42FC3BB29523B8D00ACA1D6 /* WidgetType.swift */,
			);
			path = Domain;
			sourceTree = "<group>";
		};
		8533F3E7294B9734001B0B22 = {
			isa = PBXGroup;
			children = (
				A42FC3A329523B8D00ACA1D6 /* PomeloCardsDemo */,
				8533F3F1294B9734001B0B22 /* Products */,
			);
			sourceTree = "<group>";
		};
		8533F3F1294B9734001B0B22 /* Products */ = {
			isa = PBXGroup;
			children = (
				8533F3F0294B9734001B0B22 /* PomeloCardsDemo.app */,
			);
			name = Products;
			sourceTree = "<group>";
		};
		A42FC3A329523B8D00ACA1D6 /* PomeloCardsDemo */ = {
			isa = PBXGroup;
			children = (
				850A34F72955EE5300C99647 /* Domain */,
				850A34F02955E9B500C99647 /* UI */,
				A42FC3AB29523B8D00ACA1D6 /* Auth */,
				850A34F12955EBD600C99647 /* Resources */,
				A42FC3BC29523B8D00ACA1D6 /* Info.plist */,
				A42FC3B929523B8D00ACA1D6 /* AppDelegate.swift */,
				A42FC3BD29523B8D00ACA1D6 /* SceneDelegate.swift */,
				A42FC3B229523B8D00ACA1D6 /* LaunchScreen.storyboard */,
			);
			path = PomeloCardsDemo;
			sourceTree = "<group>";
		};
		A42FC3A729523B8D00ACA1D6 /* Cells */ = {
			isa = PBXGroup;
			children = (
				A42FC3A829523B8D00ACA1D6 /* WidgetTableViewCell.swift */,
			);
			path = Cells;
			sourceTree = "<group>";
		};
		A42FC3AB29523B8D00ACA1D6 /* Auth */ = {
			isa = PBXGroup;
			children = (
				A42FC3AC29523B8D00ACA1D6 /* EndUserTokenResolver.swift */,
				A42FC3AE29523B8D00ACA1D6 /* PomeloAccessTokenDTO.swift */,
				A42FC3AF29523B8D00ACA1D6 /* Service */,
			);
			path = Auth;
			sourceTree = "<group>";
		};
		A42FC3AF29523B8D00ACA1D6 /* Service */ = {
			isa = PBXGroup;
			children = (
				850D18D42954B31300955E20 /* EndUserTokenAuthorizationService.swift */,
			);
			path = Service;
			sourceTree = "<group>";
		};
		A42FC3B629523B8D00ACA1D6 /* Theme */ = {
			isa = PBXGroup;
			children = (
				A42FC3B729523B8D00ACA1D6 /* BlueClientTheme.swift */,
				A42FC3B829523B8D00ACA1D6 /* PomeloTheme.swift */,
			);
			path = Theme;
			sourceTree = "<group>";
		};
		A42FC3BA29523B8D00ACA1D6 /* Factory */ = {
			isa = PBXGroup;
			children = (
				850A34F52955ED7800C99647 /* WidgetViewControllerFactory.swift */,
			);
			path = Factory;
			sourceTree = "<group>";
		};
/* End PBXGroup section */

/* Begin PBXNativeTarget section */
		8533F3EF294B9734001B0B22 /* PomeloCardsDemo */ = {
			isa = PBXNativeTarget;
			buildConfigurationList = 8533F404294B9735001B0B22 /* Build configuration list for PBXNativeTarget "PomeloCardsDemo" */;
			buildPhases = (
				8533F3EC294B9734001B0B22 /* Sources */,
				8533F3ED294B9734001B0B22 /* Frameworks */,
				A415717C29523E4800365B85 /* Resources */,
			);
			buildRules = (
			);
			dependencies = (
			);
			name = PomeloCardsDemo;
			packageProductDependencies = (
				8533F408294BA1E6001B0B22 /* PomeloCards */,
			);
			productName = PomeloCardsDemo;
			productReference = 8533F3F0294B9734001B0B22 /* PomeloCardsDemo.app */;
			productType = "com.apple.product-type.application";
		};
/* End PBXNativeTarget section */

/* Begin PBXProject section */
		8533F3E8294B9734001B0B22 /* Project object */ = {
			isa = PBXProject;
			attributes = {
				BuildIndependentTargetsInParallel = 1;
				LastSwiftUpdateCheck = 1410;
				LastUpgradeCheck = 1410;
				TargetAttributes = {
					8533F3EF294B9734001B0B22 = {
						CreatedOnToolsVersion = 14.1;
					};
				};
			};
			buildConfigurationList = 8533F3EB294B9734001B0B22 /* Build configuration list for PBXProject "PomeloCardsDemo" */;
			compatibilityVersion = "Xcode 14.0";
			developmentRegion = en;
			hasScannedForEncodings = 0;
			knownRegions = (
				en,
				Base,
			);
			mainGroup = 8533F3E7294B9734001B0B22;
			packageReferences = (
				8533F407294BA1E6001B0B22 /* XCRemoteSwiftPackageReference "cards-ios" */,
			);
			productRefGroup = 8533F3F1294B9734001B0B22 /* Products */;
			projectDirPath = "";
			projectRoot = "";
			targets = (
				8533F3EF294B9734001B0B22 /* PomeloCardsDemo */,
			);
		};
/* End PBXProject section */

/* Begin PBXResourcesBuildPhase section */
		A415717C29523E4800365B85 /* Resources */ = {
			isa = PBXResourcesBuildPhase;
			buildActionMask = 2147483647;
			files = (
				A415717F29523E6800365B85 /* Assets.xcassets in Resources */,
				A415717E29523E5A00365B85 /* Main.storyboard in Resources */,
				A415717D29523E5300365B85 /* LaunchScreen.storyboard in Resources */,
			);
			runOnlyForDeploymentPostprocessing = 0;
		};
/* End PBXResourcesBuildPhase section */

/* Begin PBXSourcesBuildPhase section */
		8533F3EC294B9734001B0B22 /* Sources */ = {
			isa = PBXSourcesBuildPhase;
			buildActionMask = 2147483647;
			files = (
				A42FC3CB29523B8D00ACA1D6 /* AppDelegate.swift in Sources */,
				A42FC3C229523B8D00ACA1D6 /* EndUserTokenResolver.swift in Sources */,
				A42FC3C029523B8D00ACA1D6 /* WidgetTableViewCell.swift in Sources */,
				A42FC3CA29523B8D00ACA1D6 /* PomeloTheme.swift in Sources */,
				850D18D52954B31300955E20 /* EndUserTokenAuthorizationService.swift in Sources */,
				A42FC3C429523B8D00ACA1D6 /* PomeloAccessTokenDTO.swift in Sources */,
				850A34F62955ED7800C99647 /* WidgetViewControllerFactory.swift in Sources */,
				A42FC3C129523B8D00ACA1D6 /* CardViewController.swift in Sources */,
				A42FC3CE29523B8D00ACA1D6 /* SceneDelegate.swift in Sources */,
				A42FC3BF29523B8D00ACA1D6 /* HomeViewController.swift in Sources */,
				A42FC3C929523B8D00ACA1D6 /* BlueClientTheme.swift in Sources */,
				A42FC3CC29523B8D00ACA1D6 /* WidgetType.swift in Sources */,
				850A34FD295639FA00C99647 /* CardStoryboardViewController.swift in Sources */,
			);
			runOnlyForDeploymentPostprocessing = 0;
		};
/* End PBXSourcesBuildPhase section */

/* Begin PBXVariantGroup section */
		A42FC3B229523B8D00ACA1D6 /* LaunchScreen.storyboard */ = {
			isa = PBXVariantGroup;
			children = (
				A42FC3B329523B8D00ACA1D6 /* Base */,
			);
			name = LaunchScreen.storyboard;
			sourceTree = "<group>";
		};
		A42FC3B429523B8D00ACA1D6 /* Main.storyboard */ = {
			isa = PBXVariantGroup;
			children = (
				A42FC3B529523B8D00ACA1D6 /* Base */,
			);
			name = Main.storyboard;
			sourceTree = "<group>";
		};
/* End PBXVariantGroup section */

/* Begin XCBuildConfiguration section */
		8533F402294B9735001B0B22 /* Debug */ = {
			isa = XCBuildConfiguration;
			buildSettings = {
				ALWAYS_SEARCH_USER_PATHS = NO;
				CLANG_ANALYZER_NONNULL = YES;
				CLANG_ANALYZER_NUMBER_OBJECT_CONVERSION = YES_AGGRESSIVE;
				CLANG_CXX_LANGUAGE_STANDARD = "gnu++20";
				CLANG_ENABLE_MODULES = YES;
				CLANG_ENABLE_OBJC_ARC = YES;
				CLANG_ENABLE_OBJC_WEAK = YES;
				CLANG_WARN_BLOCK_CAPTURE_AUTORELEASING = YES;
				CLANG_WARN_BOOL_CONVERSION = YES;
				CLANG_WARN_COMMA = YES;
				CLANG_WARN_CONSTANT_CONVERSION = YES;
				CLANG_WARN_DEPRECATED_OBJC_IMPLEMENTATIONS = YES;
				CLANG_WARN_DIRECT_OBJC_ISA_USAGE = YES_ERROR;
				CLANG_WARN_DOCUMENTATION_COMMENTS = YES;
				CLANG_WARN_EMPTY_BODY = YES;
				CLANG_WARN_ENUM_CONVERSION = YES;
				CLANG_WARN_INFINITE_RECURSION = YES;
				CLANG_WARN_INT_CONVERSION = YES;
				CLANG_WARN_NON_LITERAL_NULL_CONVERSION = YES;
				CLANG_WARN_OBJC_IMPLICIT_RETAIN_SELF = YES;
				CLANG_WARN_OBJC_LITERAL_CONVERSION = YES;
				CLANG_WARN_OBJC_ROOT_CLASS = YES_ERROR;
				CLANG_WARN_QUOTED_INCLUDE_IN_FRAMEWORK_HEADER = YES;
				CLANG_WARN_RANGE_LOOP_ANALYSIS = YES;
				CLANG_WARN_STRICT_PROTOTYPES = YES;
				CLANG_WARN_SUSPICIOUS_MOVE = YES;
				CLANG_WARN_UNGUARDED_AVAILABILITY = YES_AGGRESSIVE;
				CLANG_WARN_UNREACHABLE_CODE = YES;
				CLANG_WARN__DUPLICATE_METHOD_MATCH = YES;
				COPY_PHASE_STRIP = NO;
				DEBUG_INFORMATION_FORMAT = dwarf;
				ENABLE_STRICT_OBJC_MSGSEND = YES;
				ENABLE_TESTABILITY = YES;
				GCC_C_LANGUAGE_STANDARD = gnu11;
				GCC_DYNAMIC_NO_PIC = NO;
				GCC_NO_COMMON_BLOCKS = YES;
				GCC_OPTIMIZATION_LEVEL = 0;
				GCC_PREPROCESSOR_DEFINITIONS = (
					"DEBUG=1",
					"$(inherited)",
				);
				GCC_WARN_64_TO_32_BIT_CONVERSION = YES;
				GCC_WARN_ABOUT_RETURN_TYPE = YES_ERROR;
				GCC_WARN_UNDECLARED_SELECTOR = YES;
				GCC_WARN_UNINITIALIZED_AUTOS = YES_AGGRESSIVE;
				GCC_WARN_UNUSED_FUNCTION = YES;
				GCC_WARN_UNUSED_VARIABLE = YES;
				IPHONEOS_DEPLOYMENT_TARGET = 16.1;
				MTL_ENABLE_DEBUG_INFO = INCLUDE_SOURCE;
				MTL_FAST_MATH = YES;
				ONLY_ACTIVE_ARCH = YES;
				SDKROOT = iphoneos;
				SWIFT_ACTIVE_COMPILATION_CONDITIONS = DEBUG;
				SWIFT_OPTIMIZATION_LEVEL = "-Onone";
			};
			name = Debug;
		};
		8533F403294B9735001B0B22 /* Release */ = {
			isa = XCBuildConfiguration;
			buildSettings = {
				ALWAYS_SEARCH_USER_PATHS = NO;
				CLANG_ANALYZER_NONNULL = YES;
				CLANG_ANALYZER_NUMBER_OBJECT_CONVERSION = YES_AGGRESSIVE;
				CLANG_CXX_LANGUAGE_STANDARD = "gnu++20";
				CLANG_ENABLE_MODULES = YES;
				CLANG_ENABLE_OBJC_ARC = YES;
				CLANG_ENABLE_OBJC_WEAK = YES;
				CLANG_WARN_BLOCK_CAPTURE_AUTORELEASING = YES;
				CLANG_WARN_BOOL_CONVERSION = YES;
				CLANG_WARN_COMMA = YES;
				CLANG_WARN_CONSTANT_CONVERSION = YES;
				CLANG_WARN_DEPRECATED_OBJC_IMPLEMENTATIONS = YES;
				CLANG_WARN_DIRECT_OBJC_ISA_USAGE = YES_ERROR;
				CLANG_WARN_DOCUMENTATION_COMMENTS = YES;
				CLANG_WARN_EMPTY_BODY = YES;
				CLANG_WARN_ENUM_CONVERSION = YES;
				CLANG_WARN_INFINITE_RECURSION = YES;
				CLANG_WARN_INT_CONVERSION = YES;
				CLANG_WARN_NON_LITERAL_NULL_CONVERSION = YES;
				CLANG_WARN_OBJC_IMPLICIT_RETAIN_SELF = YES;
				CLANG_WARN_OBJC_LITERAL_CONVERSION = YES;
				CLANG_WARN_OBJC_ROOT_CLASS = YES_ERROR;
				CLANG_WARN_QUOTED_INCLUDE_IN_FRAMEWORK_HEADER = YES;
				CLANG_WARN_RANGE_LOOP_ANALYSIS = YES;
				CLANG_WARN_STRICT_PROTOTYPES = YES;
				CLANG_WARN_SUSPICIOUS_MOVE = YES;
				CLANG_WARN_UNGUARDED_AVAILABILITY = YES_AGGRESSIVE;
				CLANG_WARN_UNREACHABLE_CODE = YES;
				CLANG_WARN__DUPLICATE_METHOD_MATCH = YES;
				COPY_PHASE_STRIP = NO;
				DEBUG_INFORMATION_FORMAT = "dwarf-with-dsym";
				ENABLE_NS_ASSERTIONS = NO;
				ENABLE_STRICT_OBJC_MSGSEND = YES;
				GCC_C_LANGUAGE_STANDARD = gnu11;
				GCC_NO_COMMON_BLOCKS = YES;
				GCC_WARN_64_TO_32_BIT_CONVERSION = YES;
				GCC_WARN_ABOUT_RETURN_TYPE = YES_ERROR;
				GCC_WARN_UNDECLARED_SELECTOR = YES;
				GCC_WARN_UNINITIALIZED_AUTOS = YES_AGGRESSIVE;
				GCC_WARN_UNUSED_FUNCTION = YES;
				GCC_WARN_UNUSED_VARIABLE = YES;
				IPHONEOS_DEPLOYMENT_TARGET = 16.1;
				MTL_ENABLE_DEBUG_INFO = NO;
				MTL_FAST_MATH = YES;
				SDKROOT = iphoneos;
				SWIFT_COMPILATION_MODE = wholemodule;
				SWIFT_OPTIMIZATION_LEVEL = "-O";
				VALIDATE_PRODUCT = YES;
			};
			name = Release;
		};
		8533F405294B9735001B0B22 /* Debug */ = {
			isa = XCBuildConfiguration;
			buildSettings = {
				ASSETCATALOG_COMPILER_APPICON_NAME = AppIcon;
				ASSETCATALOG_COMPILER_GLOBAL_ACCENT_COLOR_NAME = AccentColor;
				CODE_SIGN_STYLE = Automatic;
				CURRENT_PROJECT_VERSION = 1;
				DEVELOPMENT_TEAM = 5M36LRFPDM;
				GENERATE_INFOPLIST_FILE = YES;
				INFOPLIST_FILE = PomeloCardsDemo/Info.plist;
				INFOPLIST_KEY_UIApplicationSupportsIndirectInputEvents = YES;
				INFOPLIST_KEY_UILaunchStoryboardName = LaunchScreen;
				INFOPLIST_KEY_UIMainStoryboardFile = Main;
				INFOPLIST_KEY_UISupportedInterfaceOrientations_iPad = "UIInterfaceOrientationPortrait UIInterfaceOrientationPortraitUpsideDown UIInterfaceOrientationLandscapeLeft UIInterfaceOrientationLandscapeRight";
				INFOPLIST_KEY_UISupportedInterfaceOrientations_iPhone = "UIInterfaceOrientationPortrait UIInterfaceOrientationLandscapeLeft UIInterfaceOrientationLandscapeRight";
				LD_RUNPATH_SEARCH_PATHS = (
					"$(inherited)",
					"@executable_path/Frameworks",
				);
				MARKETING_VERSION = 1.0;
				PRODUCT_BUNDLE_IDENTIFIER = com.pomelo.PomeloCardsDemo;
				PRODUCT_NAME = "$(TARGET_NAME)";
				SWIFT_EMIT_LOC_STRINGS = YES;
				SWIFT_VERSION = 5.0;
				TARGETED_DEVICE_FAMILY = "1,2";
			};
			name = Debug;
		};
		8533F406294B9735001B0B22 /* Release */ = {
			isa = XCBuildConfiguration;
			buildSettings = {
				ASSETCATALOG_COMPILER_APPICON_NAME = AppIcon;
				ASSETCATALOG_COMPILER_GLOBAL_ACCENT_COLOR_NAME = AccentColor;
				CODE_SIGN_STYLE = Automatic;
				CURRENT_PROJECT_VERSION = 1;
				DEVELOPMENT_TEAM = 5M36LRFPDM;
				GENERATE_INFOPLIST_FILE = YES;
				INFOPLIST_FILE = PomeloCardsDemo/Info.plist;
				INFOPLIST_KEY_UIApplicationSupportsIndirectInputEvents = YES;
				INFOPLIST_KEY_UILaunchStoryboardName = LaunchScreen;
				INFOPLIST_KEY_UIMainStoryboardFile = Main;
				INFOPLIST_KEY_UISupportedInterfaceOrientations_iPad = "UIInterfaceOrientationPortrait UIInterfaceOrientationPortraitUpsideDown UIInterfaceOrientationLandscapeLeft UIInterfaceOrientationLandscapeRight";
				INFOPLIST_KEY_UISupportedInterfaceOrientations_iPhone = "UIInterfaceOrientationPortrait UIInterfaceOrientationLandscapeLeft UIInterfaceOrientationLandscapeRight";
				LD_RUNPATH_SEARCH_PATHS = (
					"$(inherited)",
					"@executable_path/Frameworks",
				);
				MARKETING_VERSION = 1.0;
				PRODUCT_BUNDLE_IDENTIFIER = com.pomelo.PomeloCardsDemo;
				PRODUCT_NAME = "$(TARGET_NAME)";
				SWIFT_EMIT_LOC_STRINGS = YES;
				SWIFT_VERSION = 5.0;
				TARGETED_DEVICE_FAMILY = "1,2";
			};
			name = Release;
		};
/* End XCBuildConfiguration section */

/* Begin XCConfigurationList section */
		8533F3EB294B9734001B0B22 /* Build configuration list for PBXProject "PomeloCardsDemo" */ = {
			isa = XCConfigurationList;
			buildConfigurations = (
				8533F402294B9735001B0B22 /* Debug */,
				8533F403294B9735001B0B22 /* Release */,
			);
			defaultConfigurationIsVisible = 0;
			defaultConfigurationName = Release;
		};
		8533F404294B9735001B0B22 /* Build configuration list for PBXNativeTarget "PomeloCardsDemo" */ = {
			isa = XCConfigurationList;
			buildConfigurations = (
				8533F405294B9735001B0B22 /* Debug */,
				8533F406294B9735001B0B22 /* Release */,
			);
			defaultConfigurationIsVisible = 0;
			defaultConfigurationName = Release;
		};
/* End XCConfigurationList section */

/* Begin XCRemoteSwiftPackageReference section */
		8533F407294BA1E6001B0B22 /* XCRemoteSwiftPackageReference "cards-ios" */ = {
			isa = XCRemoteSwiftPackageReference;
			repositoryURL = "git@github.com:pomelo-la/cards-ios.git";
			requirement = {
				kind = upToNextMajorVersion;
				minimumVersion = 0.2.1;
			};
		};
/* End XCRemoteSwiftPackageReference section */

/* Begin XCSwiftPackageProductDependency section */
		8533F408294BA1E6001B0B22 /* PomeloCards */ = {
			isa = XCSwiftPackageProductDependency;
			package = 8533F407294BA1E6001B0B22 /* XCRemoteSwiftPackageReference "cards-ios" */;
			productName = PomeloCards;
		};
/* End XCSwiftPackageProductDependency section */
	};
	rootObject = 8533F3E8294B9734001B0B22 /* Project object */;
}
