// !$*UTF8*$!
{
	archiveVersion = 1;
	classes = {
	};
	objectVersion = 56;
	objects = {

/* Begin PBXBuildFile section */
		851EBDB829A8FEC800F1A4D4 /* CardView.swift in Sources */ = {isa = PBXBuildFile; fileRef = 851EBDB729A8FEC800F1A4D4 /* CardView.swift */; };
		8525711D29A7D81100A7D9DD /* PomeloCards in Frameworks */ = {isa = PBXBuildFile; productRef = 8525711C29A7D81100A7D9DD /* PomeloCards */; };
		8525712029A7D87C00A7D9DD /* AppDelegate.swift in Sources */ = {isa = PBXBuildFile; fileRef = 8525711F29A7D87C00A7D9DD /* AppDelegate.swift */; };
		8525713129A7D90B00A7D9DD /* BlueClientTheme.swift in Sources */ = {isa = PBXBuildFile; fileRef = 8525712F29A7D90B00A7D9DD /* BlueClientTheme.swift */; };
		8525713229A7D90B00A7D9DD /* PomeloTheme.swift in Sources */ = {isa = PBXBuildFile; fileRef = 8525713029A7D90B00A7D9DD /* PomeloTheme.swift */; };
		8525713829A7D95800A7D9DD /* EndUserTokenAuthorizationService.swift in Sources */ = {isa = PBXBuildFile; fileRef = 8525713529A7D95800A7D9DD /* EndUserTokenAuthorizationService.swift */; };
		8525713929A7D95800A7D9DD /* EndUserTokenResolver.swift in Sources */ = {isa = PBXBuildFile; fileRef = 8525713629A7D95800A7D9DD /* EndUserTokenResolver.swift */; };
		8525713A29A7D95800A7D9DD /* PomeloAccessTokenDTO.swift in Sources */ = {isa = PBXBuildFile; fileRef = 8525713729A7D95800A7D9DD /* PomeloAccessTokenDTO.swift */; };
		8525713D29A7DA2800A7D9DD /* WidgetType.swift in Sources */ = {isa = PBXBuildFile; fileRef = 8525713C29A7DA2800A7D9DD /* WidgetType.swift */; };
		8525714029A7DD2800A7D9DD /* WidgetSwiftUIFactory.swift in Sources */ = {isa = PBXBuildFile; fileRef = 8525713F29A7DD2800A7D9DD /* WidgetSwiftUIFactory.swift */; };
		85716C6F29A7C2C9007BD9C5 /* PomeloCardsSwiftUIDemoApp.swift in Sources */ = {isa = PBXBuildFile; fileRef = 85716C6E29A7C2C9007BD9C5 /* PomeloCardsSwiftUIDemoApp.swift */; };
		85716C7129A7C2C9007BD9C5 /* HomeView.swift in Sources */ = {isa = PBXBuildFile; fileRef = 85716C7029A7C2C9007BD9C5 /* HomeView.swift */; };
		85716C7329A7C2CA007BD9C5 /* Assets.xcassets in Resources */ = {isa = PBXBuildFile; fileRef = 85716C7229A7C2CA007BD9C5 /* Assets.xcassets */; };
		85716C7629A7C2CA007BD9C5 /* Preview Assets.xcassets in Resources */ = {isa = PBXBuildFile; fileRef = 85716C7529A7C2CA007BD9C5 /* Preview Assets.xcassets */; };
/* End PBXBuildFile section */

/* Begin PBXFileReference section */
		851EBDB729A8FEC800F1A4D4 /* CardView.swift */ = {isa = PBXFileReference; lastKnownFileType = sourcecode.swift; path = CardView.swift; sourceTree = "<group>"; };
		8525711F29A7D87C00A7D9DD /* AppDelegate.swift */ = {isa = PBXFileReference; lastKnownFileType = sourcecode.swift; path = AppDelegate.swift; sourceTree = "<group>"; };
		8525712F29A7D90B00A7D9DD /* BlueClientTheme.swift */ = {isa = PBXFileReference; fileEncoding = 4; lastKnownFileType = sourcecode.swift; path = BlueClientTheme.swift; sourceTree = "<group>"; };
		8525713029A7D90B00A7D9DD /* PomeloTheme.swift */ = {isa = PBXFileReference; fileEncoding = 4; lastKnownFileType = sourcecode.swift; path = PomeloTheme.swift; sourceTree = "<group>"; };
		8525713529A7D95800A7D9DD /* EndUserTokenAuthorizationService.swift */ = {isa = PBXFileReference; fileEncoding = 4; lastKnownFileType = sourcecode.swift; path = EndUserTokenAuthorizationService.swift; sourceTree = "<group>"; };
		8525713629A7D95800A7D9DD /* EndUserTokenResolver.swift */ = {isa = PBXFileReference; fileEncoding = 4; lastKnownFileType = sourcecode.swift; path = EndUserTokenResolver.swift; sourceTree = "<group>"; };
		8525713729A7D95800A7D9DD /* PomeloAccessTokenDTO.swift */ = {isa = PBXFileReference; fileEncoding = 4; lastKnownFileType = sourcecode.swift; path = PomeloAccessTokenDTO.swift; sourceTree = "<group>"; };
		8525713C29A7DA2800A7D9DD /* WidgetType.swift */ = {isa = PBXFileReference; fileEncoding = 4; lastKnownFileType = sourcecode.swift; path = WidgetType.swift; sourceTree = "<group>"; };
		8525713F29A7DD2800A7D9DD /* WidgetSwiftUIFactory.swift */ = {isa = PBXFileReference; lastKnownFileType = sourcecode.swift; path = WidgetSwiftUIFactory.swift; sourceTree = "<group>"; };
		85716C6B29A7C2C9007BD9C5 /* PomeloCardsSwiftUIDemo.app */ = {isa = PBXFileReference; explicitFileType = wrapper.application; includeInIndex = 0; path = PomeloCardsSwiftUIDemo.app; sourceTree = BUILT_PRODUCTS_DIR; };
		85716C6E29A7C2C9007BD9C5 /* PomeloCardsSwiftUIDemoApp.swift */ = {isa = PBXFileReference; lastKnownFileType = sourcecode.swift; path = PomeloCardsSwiftUIDemoApp.swift; sourceTree = "<group>"; };
		85716C7029A7C2C9007BD9C5 /* HomeView.swift */ = {isa = PBXFileReference; lastKnownFileType = sourcecode.swift; path = HomeView.swift; sourceTree = "<group>"; };
		85716C7229A7C2CA007BD9C5 /* Assets.xcassets */ = {isa = PBXFileReference; lastKnownFileType = folder.assetcatalog; path = Assets.xcassets; sourceTree = "<group>"; };
		85716C7529A7C2CA007BD9C5 /* Preview Assets.xcassets */ = {isa = PBXFileReference; lastKnownFileType = folder.assetcatalog; path = "Preview Assets.xcassets"; sourceTree = "<group>"; };
/* End PBXFileReference section */

/* Begin PBXFrameworksBuildPhase section */
		85716C6829A7C2C9007BD9C5 /* Frameworks */ = {
			isa = PBXFrameworksBuildPhase;
			buildActionMask = 2147483647;
			files = (
				8525711D29A7D81100A7D9DD /* PomeloCards in Frameworks */,
			);
			runOnlyForDeploymentPostprocessing = 0;
		};
/* End PBXFrameworksBuildPhase section */

/* Begin PBXGroup section */
		8525711E29A7D87200A7D9DD /* Core */ = {
			isa = PBXGroup;
			children = (
				8525711F29A7D87C00A7D9DD /* AppDelegate.swift */,
			);
			path = Core;
			sourceTree = "<group>";
		};
		8525712129A7D89800A7D9DD /* UI */ = {
			isa = PBXGroup;
			children = (
				85716C7029A7C2C9007BD9C5 /* HomeView.swift */,
				851EBDB729A8FEC800F1A4D4 /* CardView.swift */,
				8525712229A7D89F00A7D9DD /* Theme */,
			);
			path = UI;
			sourceTree = "<group>";
		};
		8525712229A7D89F00A7D9DD /* Theme */ = {
			isa = PBXGroup;
			children = (
				8525712F29A7D90B00A7D9DD /* BlueClientTheme.swift */,
				8525713029A7D90B00A7D9DD /* PomeloTheme.swift */,
			);
			path = Theme;
			sourceTree = "<group>";
		};
		8525713329A7D91600A7D9DD /* Auth */ = {
			isa = PBXGroup;
			children = (
				8525713629A7D95800A7D9DD /* EndUserTokenResolver.swift */,
				8525713729A7D95800A7D9DD /* PomeloAccessTokenDTO.swift */,
				8525713429A7D95800A7D9DD /* Service */,
			);
			path = Auth;
			sourceTree = "<group>";
		};
		8525713429A7D95800A7D9DD /* Service */ = {
			isa = PBXGroup;
			children = (
				8525713529A7D95800A7D9DD /* EndUserTokenAuthorizationService.swift */,
			);
			path = Service;
			sourceTree = "<group>";
		};
		8525713B29A7D9F800A7D9DD /* Domain */ = {
			isa = PBXGroup;
			children = (
				8525713C29A7DA2800A7D9DD /* WidgetType.swift */,
			);
			path = Domain;
			sourceTree = "<group>";
		};
		8525713E29A7DD1300A7D9DD /* Factory */ = {
			isa = PBXGroup;
			children = (
				8525713F29A7DD2800A7D9DD /* WidgetSwiftUIFactory.swift */,
			);
			path = Factory;
			sourceTree = "<group>";
		};
		85716C6229A7C2C9007BD9C5 = {
			isa = PBXGroup;
			children = (
				85716C6D29A7C2C9007BD9C5 /* PomeloCardsSwiftUIDemo */,
				85716C6C29A7C2C9007BD9C5 /* Products */,
			);
			sourceTree = "<group>";
		};
		85716C6C29A7C2C9007BD9C5 /* Products */ = {
			isa = PBXGroup;
			children = (
				85716C6B29A7C2C9007BD9C5 /* PomeloCardsSwiftUIDemo.app */,
			);
			name = Products;
			sourceTree = "<group>";
		};
		85716C6D29A7C2C9007BD9C5 /* PomeloCardsSwiftUIDemo */ = {
			isa = PBXGroup;
			children = (
				8525713E29A7DD1300A7D9DD /* Factory */,
				8525713B29A7D9F800A7D9DD /* Domain */,
				8525713329A7D91600A7D9DD /* Auth */,
				8525712129A7D89800A7D9DD /* UI */,
				8525711E29A7D87200A7D9DD /* Core */,
				85716C6E29A7C2C9007BD9C5 /* PomeloCardsSwiftUIDemoApp.swift */,
				85716C7229A7C2CA007BD9C5 /* Assets.xcassets */,
				85716C7429A7C2CA007BD9C5 /* Preview Content */,
			);
			path = PomeloCardsSwiftUIDemo;
			sourceTree = "<group>";
		};
		85716C7429A7C2CA007BD9C5 /* Preview Content */ = {
			isa = PBXGroup;
			children = (
				85716C7529A7C2CA007BD9C5 /* Preview Assets.xcassets */,
			);
			path = "Preview Content";
			sourceTree = "<group>";
		};
/* End PBXGroup section */

/* Begin PBXNativeTarget section */
		85716C6A29A7C2C9007BD9C5 /* PomeloCardsSwiftUIDemo */ = {
			isa = PBXNativeTarget;
			buildConfigurationList = 85716C7929A7C2CA007BD9C5 /* Build configuration list for PBXNativeTarget "PomeloCardsSwiftUIDemo" */;
			buildPhases = (
				85716C6729A7C2C9007BD9C5 /* Sources */,
				85716C6829A7C2C9007BD9C5 /* Frameworks */,
				85716C6929A7C2C9007BD9C5 /* Resources */,
			);
			buildRules = (
			);
			dependencies = (
			);
			name = PomeloCardsSwiftUIDemo;
			packageProductDependencies = (
				8525711C29A7D81100A7D9DD /* PomeloCards */,
			);
			productName = PomeloCardsSwiftUIDemo;
			productReference = 85716C6B29A7C2C9007BD9C5 /* PomeloCardsSwiftUIDemo.app */;
			productType = "com.apple.product-type.application";
		};
/* End PBXNativeTarget section */

/* Begin PBXProject section */
		85716C6329A7C2C9007BD9C5 /* Project object */ = {
			isa = PBXProject;
			attributes = {
				BuildIndependentTargetsInParallel = 1;
				LastSwiftUpdateCheck = 1420;
				LastUpgradeCheck = 1420;
				TargetAttributes = {
					85716C6A29A7C2C9007BD9C5 = {
						CreatedOnToolsVersion = 14.2;
					};
				};
			};
			buildConfigurationList = 85716C6629A7C2C9007BD9C5 /* Build configuration list for PBXProject "PomeloCardsSwiftUIDemo" */;
			compatibilityVersion = "Xcode 14.0";
			developmentRegion = en;
			hasScannedForEncodings = 0;
			knownRegions = (
				en,
				Base,
			);
			mainGroup = 85716C6229A7C2C9007BD9C5;
			packageReferences = (
				8525711B29A7D81100A7D9DD /* XCRemoteSwiftPackageReference "cards-ios" */,
			);
			productRefGroup = 85716C6C29A7C2C9007BD9C5 /* Products */;
			projectDirPath = "";
			projectRoot = "";
			targets = (
				85716C6A29A7C2C9007BD9C5 /* PomeloCardsSwiftUIDemo */,
			);
		};
/* End PBXProject section */

/* Begin PBXResourcesBuildPhase section */
		85716C6929A7C2C9007BD9C5 /* Resources */ = {
			isa = PBXResourcesBuildPhase;
			buildActionMask = 2147483647;
			files = (
				85716C7629A7C2CA007BD9C5 /* Preview Assets.xcassets in Resources */,
				85716C7329A7C2CA007BD9C5 /* Assets.xcassets in Resources */,
			);
			runOnlyForDeploymentPostprocessing = 0;
		};
/* End PBXResourcesBuildPhase section */

/* Begin PBXSourcesBuildPhase section */
		85716C6729A7C2C9007BD9C5 /* Sources */ = {
			isa = PBXSourcesBuildPhase;
			buildActionMask = 2147483647;
			files = (
				8525713829A7D95800A7D9DD /* EndUserTokenAuthorizationService.swift in Sources */,
				8525712029A7D87C00A7D9DD /* AppDelegate.swift in Sources */,
				85716C7129A7C2C9007BD9C5 /* HomeView.swift in Sources */,
				8525713A29A7D95800A7D9DD /* PomeloAccessTokenDTO.swift in Sources */,
				8525714029A7DD2800A7D9DD /* WidgetSwiftUIFactory.swift in Sources */,
				8525713129A7D90B00A7D9DD /* BlueClientTheme.swift in Sources */,
				8525713929A7D95800A7D9DD /* EndUserTokenResolver.swift in Sources */,
				8525713229A7D90B00A7D9DD /* PomeloTheme.swift in Sources */,
				85716C6F29A7C2C9007BD9C5 /* PomeloCardsSwiftUIDemoApp.swift in Sources */,
				851EBDB829A8FEC800F1A4D4 /* CardView.swift in Sources */,
				8525713D29A7DA2800A7D9DD /* WidgetType.swift in Sources */,
			);
			runOnlyForDeploymentPostprocessing = 0;
		};
/* End PBXSourcesBuildPhase section */

/* Begin XCBuildConfiguration section */
		85716C7729A7C2CA007BD9C5 /* Debug */ = {
			isa = XCBuildConfiguration;
			buildSettings = {
				ALWAYS_SEARCH_USER_PATHS = NO;
				CLANG_ANALYZER_NONNULL = YES;
				CLANG_ANALYZER_NUMBER_OBJECT_CONVERSION = YES_AGGRESSIVE;
				CLANG_CXX_LANGUAGE_STANDARD = "gnu++20";
				CLANG_ENABLE_MODULES = YES;
				CLANG_ENABLE_OBJC_ARC = YES;
				CLANG_ENABLE_OBJC_WEAK = YES;
				CLANG_WARN_BLOCK_CAPTURE_AUTORELEASING = YES;
				CLANG_WARN_BOOL_CONVERSION = YES;
				CLANG_WARN_COMMA = YES;
				CLANG_WARN_CONSTANT_CONVERSION = YES;
				CLANG_WARN_DEPRECATED_OBJC_IMPLEMENTATIONS = YES;
				CLANG_WARN_DIRECT_OBJC_ISA_USAGE = YES_ERROR;
				CLANG_WARN_DOCUMENTATION_COMMENTS = YES;
				CLANG_WARN_EMPTY_BODY = YES;
				CLANG_WARN_ENUM_CONVERSION = YES;
				CLANG_WARN_INFINITE_RECURSION = YES;
				CLANG_WARN_INT_CONVERSION = YES;
				CLANG_WARN_NON_LITERAL_NULL_CONVERSION = YES;
				CLANG_WARN_OBJC_IMPLICIT_RETAIN_SELF = YES;
				CLANG_WARN_OBJC_LITERAL_CONVERSION = YES;
				CLANG_WARN_OBJC_ROOT_CLASS = YES_ERROR;
				CLANG_WARN_QUOTED_INCLUDE_IN_FRAMEWORK_HEADER = YES;
				CLANG_WARN_RANGE_LOOP_ANALYSIS = YES;
				CLANG_WARN_STRICT_PROTOTYPES = YES;
				CLANG_WARN_SUSPICIOUS_MOVE = YES;
				CLANG_WARN_UNGUARDED_AVAILABILITY = YES_AGGRESSIVE;
				CLANG_WARN_UNREACHABLE_CODE = YES;
				CLANG_WARN__DUPLICATE_METHOD_MATCH = YES;
				COPY_PHASE_STRIP = NO;
				DEBUG_INFORMATION_FORMAT = dwarf;
				ENABLE_STRICT_OBJC_MSGSEND = YES;
				ENABLE_TESTABILITY = YES;
				GCC_C_LANGUAGE_STANDARD = gnu11;
				GCC_DYNAMIC_NO_PIC = NO;
				GCC_NO_COMMON_BLOCKS = YES;
				GCC_OPTIMIZATION_LEVEL = 0;
				GCC_PREPROCESSOR_DEFINITIONS = (
					"DEBUG=1",
					"$(inherited)",
				);
				GCC_WARN_64_TO_32_BIT_CONVERSION = YES;
				GCC_WARN_ABOUT_RETURN_TYPE = YES_ERROR;
				GCC_WARN_UNDECLARED_SELECTOR = YES;
				GCC_WARN_UNINITIALIZED_AUTOS = YES_AGGRESSIVE;
				GCC_WARN_UNUSED_FUNCTION = YES;
				GCC_WARN_UNUSED_VARIABLE = YES;
				IPHONEOS_DEPLOYMENT_TARGET = 16.2;
				MTL_ENABLE_DEBUG_INFO = INCLUDE_SOURCE;
				MTL_FAST_MATH = YES;
				ONLY_ACTIVE_ARCH = YES;
				SDKROOT = iphoneos;
				SWIFT_ACTIVE_COMPILATION_CONDITIONS = DEBUG;
				SWIFT_OPTIMIZATION_LEVEL = "-Onone";
			};
			name = Debug;
		};
		85716C7829A7C2CA007BD9C5 /* Release */ = {
			isa = XCBuildConfiguration;
			buildSettings = {
				ALWAYS_SEARCH_USER_PATHS = NO;
				CLANG_ANALYZER_NONNULL = YES;
				CLANG_ANALYZER_NUMBER_OBJECT_CONVERSION = YES_AGGRESSIVE;
				CLANG_CXX_LANGUAGE_STANDARD = "gnu++20";
				CLANG_ENABLE_MODULES = YES;
				CLANG_ENABLE_OBJC_ARC = YES;
				CLANG_ENABLE_OBJC_WEAK = YES;
				CLANG_WARN_BLOCK_CAPTURE_AUTORELEASING = YES;
				CLANG_WARN_BOOL_CONVERSION = YES;
				CLANG_WARN_COMMA = YES;
				CLANG_WARN_CONSTANT_CONVERSION = YES;
				CLANG_WARN_DEPRECATED_OBJC_IMPLEMENTATIONS = YES;
				CLANG_WARN_DIRECT_OBJC_ISA_USAGE = YES_ERROR;
				CLANG_WARN_DOCUMENTATION_COMMENTS = YES;
				CLANG_WARN_EMPTY_BODY = YES;
				CLANG_WARN_ENUM_CONVERSION = YES;
				CLANG_WARN_INFINITE_RECURSION = YES;
				CLANG_WARN_INT_CONVERSION = YES;
				CLANG_WARN_NON_LITERAL_NULL_CONVERSION = YES;
				CLANG_WARN_OBJC_IMPLICIT_RETAIN_SELF = YES;
				CLANG_WARN_OBJC_LITERAL_CONVERSION = YES;
				CLANG_WARN_OBJC_ROOT_CLASS = YES_ERROR;
				CLANG_WARN_QUOTED_INCLUDE_IN_FRAMEWORK_HEADER = YES;
				CLANG_WARN_RANGE_LOOP_ANALYSIS = YES;
				CLANG_WARN_STRICT_PROTOTYPES = YES;
				CLANG_WARN_SUSPICIOUS_MOVE = YES;
				CLANG_WARN_UNGUARDED_AVAILABILITY = YES_AGGRESSIVE;
				CLANG_WARN_UNREACHABLE_CODE = YES;
				CLANG_WARN__DUPLICATE_METHOD_MATCH = YES;
				COPY_PHASE_STRIP = NO;
				DEBUG_INFORMATION_FORMAT = "dwarf-with-dsym";
				ENABLE_NS_ASSERTIONS = NO;
				ENABLE_STRICT_OBJC_MSGSEND = YES;
				GCC_C_LANGUAGE_STANDARD = gnu11;
				GCC_NO_COMMON_BLOCKS = YES;
				GCC_WARN_64_TO_32_BIT_CONVERSION = YES;
				GCC_WARN_ABOUT_RETURN_TYPE = YES_ERROR;
				GCC_WARN_UNDECLARED_SELECTOR = YES;
				GCC_WARN_UNINITIALIZED_AUTOS = YES_AGGRESSIVE;
				GCC_WARN_UNUSED_FUNCTION = YES;
				GCC_WARN_UNUSED_VARIABLE = YES;
				IPHONEOS_DEPLOYMENT_TARGET = 16.2;
				MTL_ENABLE_DEBUG_INFO = NO;
				MTL_FAST_MATH = YES;
				SDKROOT = iphoneos;
				SWIFT_COMPILATION_MODE = wholemodule;
				SWIFT_OPTIMIZATION_LEVEL = "-O";
				VALIDATE_PRODUCT = YES;
			};
			name = Release;
		};
		85716C7A29A7C2CA007BD9C5 /* Debug */ = {
			isa = XCBuildConfiguration;
			buildSettings = {
				ASSETCATALOG_COMPILER_APPICON_NAME = AppIcon;
				ASSETCATALOG_COMPILER_GLOBAL_ACCENT_COLOR_NAME = AccentColor;
				CODE_SIGN_STYLE = Automatic;
				CURRENT_PROJECT_VERSION = 1;
				DEVELOPMENT_ASSET_PATHS = "\"PomeloCardsSwiftUIDemo/Preview Content\"";
				DEVELOPMENT_TEAM = 5M36LRFPDM;
				ENABLE_PREVIEWS = YES;
				GENERATE_INFOPLIST_FILE = YES;
				INFOPLIST_KEY_NSFaceIDUsageDescription = "$(PRODUCT_NAME) Authentication with TouchId or FaceID";
				INFOPLIST_KEY_UIApplicationSceneManifest_Generation = YES;
				INFOPLIST_KEY_UIApplicationSupportsIndirectInputEvents = YES;
				INFOPLIST_KEY_UILaunchScreen_Generation = YES;
				INFOPLIST_KEY_UISupportedInterfaceOrientations_iPad = "UIInterfaceOrientationPortrait UIInterfaceOrientationPortraitUpsideDown UIInterfaceOrientationLandscapeLeft UIInterfaceOrientationLandscapeRight";
				INFOPLIST_KEY_UISupportedInterfaceOrientations_iPhone = "UIInterfaceOrientationPortrait UIInterfaceOrientationLandscapeLeft UIInterfaceOrientationLandscapeRight";
				LD_RUNPATH_SEARCH_PATHS = (
					"$(inherited)",
					"@executable_path/Frameworks",
				);
				MARKETING_VERSION = 1.0;
				PRODUCT_BUNDLE_IDENTIFIER = com.pomelo.PomeloCardsSwiftUIDemo;
				PRODUCT_NAME = "$(TARGET_NAME)";
				SWIFT_EMIT_LOC_STRINGS = YES;
				SWIFT_VERSION = 5.0;
				TARGETED_DEVICE_FAMILY = "1,2";
			};
			name = Debug;
		};
		85716C7B29A7C2CA007BD9C5 /* Release */ = {
			isa = XCBuildConfiguration;
			buildSettings = {
				ASSETCATALOG_COMPILER_APPICON_NAME = AppIcon;
				ASSETCATALOG_COMPILER_GLOBAL_ACCENT_COLOR_NAME = AccentColor;
				CODE_SIGN_STYLE = Automatic;
				CURRENT_PROJECT_VERSION = 1;
				DEVELOPMENT_ASSET_PATHS = "\"PomeloCardsSwiftUIDemo/Preview Content\"";
				DEVELOPMENT_TEAM = 5M36LRFPDM;
				ENABLE_PREVIEWS = YES;
				GENERATE_INFOPLIST_FILE = YES;
				INFOPLIST_KEY_NSFaceIDUsageDescription = "$(PRODUCT_NAME) Authentication with TouchId or FaceID";
				INFOPLIST_KEY_UIApplicationSceneManifest_Generation = YES;
				INFOPLIST_KEY_UIApplicationSupportsIndirectInputEvents = YES;
				INFOPLIST_KEY_UILaunchScreen_Generation = YES;
				INFOPLIST_KEY_UISupportedInterfaceOrientations_iPad = "UIInterfaceOrientationPortrait UIInterfaceOrientationPortraitUpsideDown UIInterfaceOrientationLandscapeLeft UIInterfaceOrientationLandscapeRight";
				INFOPLIST_KEY_UISupportedInterfaceOrientations_iPhone = "UIInterfaceOrientationPortrait UIInterfaceOrientationLandscapeLeft UIInterfaceOrientationLandscapeRight";
				LD_RUNPATH_SEARCH_PATHS = (
					"$(inherited)",
					"@executable_path/Frameworks",
				);
				MARKETING_VERSION = 1.0;
				PRODUCT_BUNDLE_IDENTIFIER = com.pomelo.PomeloCardsSwiftUIDemo;
				PRODUCT_NAME = "$(TARGET_NAME)";
				SWIFT_EMIT_LOC_STRINGS = YES;
				SWIFT_VERSION = 5.0;
				TARGETED_DEVICE_FAMILY = "1,2";
			};
			name = Release;
		};
/* End XCBuildConfiguration section */

/* Begin XCConfigurationList section */
		85716C6629A7C2C9007BD9C5 /* Build configuration list for PBXProject "PomeloCardsSwiftUIDemo" */ = {
			isa = XCConfigurationList;
			buildConfigurations = (
				85716C7729A7C2CA007BD9C5 /* Debug */,
				85716C7829A7C2CA007BD9C5 /* Release */,
			);
			defaultConfigurationIsVisible = 0;
			defaultConfigurationName = Release;
		};
		85716C7929A7C2CA007BD9C5 /* Build configuration list for PBXNativeTarget "PomeloCardsSwiftUIDemo" */ = {
			isa = XCConfigurationList;
			buildConfigurations = (
				85716C7A29A7C2CA007BD9C5 /* Debug */,
				85716C7B29A7C2CA007BD9C5 /* Release */,
			);
			defaultConfigurationIsVisible = 0;
			defaultConfigurationName = Release;
		};
/* End XCConfigurationList section */

/* Begin XCRemoteSwiftPackageReference section */
		8525711B29A7D81100A7D9DD /* XCRemoteSwiftPackageReference "cards-ios" */ = {
			isa = XCRemoteSwiftPackageReference;
			repositoryURL = "git@github.com:pomelo-la/cards-ios.git";
			requirement = {
				kind = upToNextMajorVersion;
				minimumVersion = 0.2.5;
			};
		};
/* End XCRemoteSwiftPackageReference section */

/* Begin XCSwiftPackageProductDependency section */
		8525711C29A7D81100A7D9DD /* PomeloCards */ = {
			isa = XCSwiftPackageProductDependency;
			package = 8525711B29A7D81100A7D9DD /* XCRemoteSwiftPackageReference "cards-ios" */;
			productName = PomeloCards;
		};
/* End XCSwiftPackageProductDependency section */
	};
	rootObject = 85716C6329A7C2C9007BD9C5 /* Project object */;
}
